Microsoft Visual Studio Solution File, Format Version 12.00
# Visual Studio Version 18
VisualStudioVersion = 18.0.0.0
MinimumVisualStudioVersion = 10.0.40219.1
Project("{FAE04EC0-301F-11D3-BF4B-00C04F79EFBC}") = "BiliStreamAudio.Tui", "src\BiliStreamAudio.Tui\BiliStreamAudio.Tui.csproj", "{9A43EEB2-5A3B-4E67-A897-19A9D35A4551}"
EndProject
Project("{FAE04EC0-301F-11D3-BF4B-00C04F79EFBC}") = "BiliStreamAudio.Tests", "tests\BiliStreamAudio.Tests\BiliStreamAudio.Tests.csproj", "{5C2473B5-7A4C-420E-BE61-CC3D5F2F3F17}"
EndProject
Global
	GlobalSection(SolutionConfigurationPlatforms) = preSolution
		Debug|Any CPU = Debug|Any CPU
		Release|Any CPU = Release|Any CPU
	EndGlobalSection
	GlobalSection(ProjectConfigurationPlatforms) = postSolution
		{9A43EEB2-5A3B-4E67-A897-19A9D35A4551}.Debug|Any CPU.ActiveCfg = Debug|Any CPU
		{9A43EEB2-5A3B-4E67-A897-19A9D35A4551}.Debug|Any CPU.Build.0 = Debug|Any CPU
		{9A43EEB2-5A3B-4E67-A897-19A9D35A4551}.Release|Any CPU.ActiveCfg = Release|Any CPU
		{9A43EEB2-5A3B-4E67-A897-19A9D35A4551}.Release|Any CPU.Build.0 = Release|Any CPU
		{5C2473B5-7A4C-420E-BE61-CC3D5F2F3F17}.Debug|Any CPU.ActiveCfg = Debug|Any CPU
		{5C2473B5-7A4C-420E-BE61-CC3D5F2F3F17}.Debug|Any CPU.Build.0 = Debug|Any CPU
		{5C2473B5-7A4C-420E-BE61-CC3D5F2F3F17}.Release|Any CPU.ActiveCfg = Release|Any CPU
		{5C2473B5-7A4C-420E-BE61-CC3D5F2F3F17}.Release|Any CPU.Build.0 = Release|Any CPU
	EndGlobalSection
EndGlobal
